github.com/daved/vtype v0.0.0-20250215233457-b5c301139150 h1:h2W/jkZq/iJ2h95X1fuIwsctPplbNT4mAPG+Y9Chtqc=
github.com/daved/vtype v0.0.0-20250215233457-b5c301139150/go.mod h1:TnEYF6Dq5ZrXMuG0jHgHoyfcBV/+gdPWWUljjjMhVNU=
github.com/daved/vtype v0.0.0-20250216024512-4791ea611495 h1:7gvbTKPPXEIC+UW9YitxYdksxrWeDE1WoqmlnlAKImM=
github.com/daved/vtype v0.0.0-20250216024512-4791ea611495/go.mod h1:TnEYF6Dq5ZrXMuG0jHgHoyfcBV/+gdPWWUljjjMhVNU=
